
Microsoft Visual Studio Solution File, Format Version 12.00
# Visual Studio Version 16
VisualStudioVersion = 16.0.31025.194
MinimumVisualStudioVersion = 10.0.40219.1
Project("{FAE04EC0-301F-11D3-BF4B-00C04F79EFBC}") = "WindowsFormscalculator", "WindowsFormscalculator\WindowsFormscalculator.csproj", "{14AEE449-B178-4715-8407-EDC16D99CC90}"
EndProject
Project("{FAE04EC0-301F-11D3-BF4B-00C04F79EFBC}") = "Calculator1", "Calculator1\Calculator1.csproj", "{2553B6AF-E33E-4F9F-B4BE-9C41AF3C6B1D}"
EndProject
Global
	GlobalSection(SolutionConfigurationPlatforms) = preSolution
		Debug|Any CPU = Debug|Any CPU
		Release|Any CPU = Release|Any CPU
	EndGlobalSection
	GlobalSection(ProjectConfigurationPlatforms) = postSolution
		{14AEE449-B178-4715-8407-EDC16D99CC90}.Debug|Any CPU.ActiveCfg = Debug|Any CPU
		{14AEE449-B178-4715-8407-EDC16D99CC90}.Debug|Any CPU.Build.0 = Debug|Any CPU
		{14AEE449-B178-4715-8407-EDC16D99CC90}.Release|Any CPU.ActiveCfg = Release|Any CPU
		{14AEE449-B178-4715-8407-EDC16D99CC90}.Release|Any CPU.Build.0 = Release|Any CPU
		{2553B6AF-E33E-4F9F-B4BE-9C41AF3C6B1D}.Debug|Any CPU.ActiveCfg = Debug|Any CPU
		{2553B6AF-E33E-4F9F-B4BE-9C41AF3C6B1D}.Debug|Any CPU.Build.0 = Debug|Any CPU
		{2553B6AF-E33E-4F9F-B4BE-9C41AF3C6B1D}.Release|Any CPU.ActiveCfg = Release|Any CPU
		{2553B6AF-E33E-4F9F-B4BE-9C41AF3C6B1D}.Release|Any CPU.Build.0 = Release|Any CPU
	EndGlobalSection
	GlobalSection(SolutionProperties) = preSolution
		HideSolutionNode = FALSE
	EndGlobalSection
	GlobalSection(ExtensibilityGlobals) = postSolution
		SolutionGuid = {381F92AE-3D25-4335-90FD-F3227FF2AEAA}
	EndGlobalSection
EndGlobal
